<Solution>
  <Project Path="Blazorpopups.Core.Test/Blazorpopups.Core.Test.csproj" Id="433a9de7-cf75-423b-8661-ba97c0ad2a7d" />
  <Project Path="BlazorPopups.Core/BlazorPopups.Core.csproj" />
  <Project Path="Blazorpopups.MudUI.Test/Blazorpopups.MudUI.Test.csproj" Id="d673df27-6ff0-4923-8a54-d2fc62e6f6a1" />
  <Project Path="BlazorPopups.MudUI/BlazorPopups.MudUI.csproj" />
</Solution>
